// !$*UTF8*$!
{
	archiveVersion = 1;
	classes = {
	};
	objectVersion = 56;
	objects = {

/* Begin PBXBuildFile section */
		B83669152B053F6700F9799B /* ItemListViewable.swift in Sources */ = {isa = PBXBuildFile; fileRef = B83669142B053F6700F9799B /* ItemListViewable.swift */; };
		B836691B2B05DE9F00F9799B /* SelectedItemViewModel.swift in Sources */ = {isa = PBXBuildFile; fileRef = B836691A2B05DE9F00F9799B /* SelectedItemViewModel.swift */; };
		B83D81032AF4AA3400366D0D /* ItemListView.swift in Sources */ = {isa = PBXBuildFile; fileRef = B83D81022AF4AA3400366D0D /* ItemListView.swift */; };
		B84098642AF2D7F500034859 /* SideBarDataProvider.swift in Sources */ = {isa = PBXBuildFile; fileRef = B84098632AF2D7F500034859 /* SideBarDataProvider.swift */; };
		B84D6DD82B824014003A63CE /* Kingfisher in Frameworks */ = {isa = PBXBuildFile; productRef = B84D6DD72B824014003A63CE /* Kingfisher */; };
		B84D6DDC2B82467B003A63CE /* DependencyInjectionContainer.swift in Sources */ = {isa = PBXBuildFile; fileRef = B84D6DDB2B82467B003A63CE /* DependencyInjectionContainer.swift */; };
		B84D6DDF2B824AA7003A63CE /* Swinject in Frameworks */ = {isa = PBXBuildFile; productRef = B84D6DDE2B824AA7003A63CE /* Swinject */; };
		B84D6DE12B824AA7003A63CE /* Swinject-Dynamic in Frameworks */ = {isa = PBXBuildFile; productRef = B84D6DE02B824AA7003A63CE /* Swinject-Dynamic */; };
		B84D6DE42B8317EF003A63CE /* InjectPropertyWrapper in Frameworks */ = {isa = PBXBuildFile; productRef = B84D6DE32B8317EF003A63CE /* InjectPropertyWrapper */; };
		B85E75F02B3410C600FAADB2 /* Realm in Frameworks */ = {isa = PBXBuildFile; productRef = B85E75EF2B3410C600FAADB2 /* Realm */; };
		B85E75F22B3410C600FAADB2 /* RealmSwift in Frameworks */ = {isa = PBXBuildFile; productRef = B85E75F12B3410C600FAADB2 /* RealmSwift */; };
		B85E75F62B3410F200FAADB2 /* FavoriteDrink.swift in Sources */ = {isa = PBXBuildFile; fileRef = B85E75F52B3410F200FAADB2 /* FavoriteDrink.swift */; };
		B85E75F82B3412DC00FAADB2 /* FavoriteDrinksViewModel.swift in Sources */ = {isa = PBXBuildFile; fileRef = B85E75F72B3412DC00FAADB2 /* FavoriteDrinksViewModel.swift */; };
		B85E75FA2B34166200FAADB2 /* FavoritesView.swift in Sources */ = {isa = PBXBuildFile; fileRef = B85E75F92B34166200FAADB2 /* FavoritesView.swift */; };
		B89260BF2AFAB05A00195272 /* SideBarComponent in Frameworks */ = {isa = PBXBuildFile; productRef = B89260BE2AFAB05A00195272 /* SideBarComponent */; };
		B8AA3F832ADEF83E003BA9E2 /* AlcoholicDrinksViewModel.swift in Sources */ = {isa = PBXBuildFile; fileRef = B8AA3F822ADEF83E003BA9E2 /* AlcoholicDrinksViewModel.swift */; };
		B8ADC1532AD29A32005905C7 /* CocktailsApp.swift in Sources */ = {isa = PBXBuildFile; fileRef = B8ADC1522AD29A32005905C7 /* CocktailsApp.swift */; };
		B8ADC1552AD29A32005905C7 /* LandingView.swift in Sources */ = {isa = PBXBuildFile; fileRef = B8ADC1542AD29A32005905C7 /* LandingView.swift */; };
		B8ADC1572AD29A35005905C7 /* Assets.xcassets in Resources */ = {isa = PBXBuildFile; fileRef = B8ADC1562AD29A35005905C7 /* Assets.xcassets */; };
		B8ADC15A2AD29A35005905C7 /* Preview Assets.xcassets in Resources */ = {isa = PBXBuildFile; fileRef = B8ADC1592AD29A35005905C7 /* Preview Assets.xcassets */; };
		B8ADC1642AD29A35005905C7 /* CocktailsTests.swift in Sources */ = {isa = PBXBuildFile; fileRef = B8ADC1632AD29A35005905C7 /* CocktailsTests.swift */; };
		B8ADC16E2AD29A35005905C7 /* CocktailsUITests.swift in Sources */ = {isa = PBXBuildFile; fileRef = B8ADC16D2AD29A35005905C7 /* CocktailsUITests.swift */; };
		B8ADC1702AD29A35005905C7 /* CocktailsUITestsLaunchTests.swift in Sources */ = {isa = PBXBuildFile; fileRef = B8ADC16F2AD29A35005905C7 /* CocktailsUITestsLaunchTests.swift */; };
		B8ADC17E2AD29A67005905C7 /* CocktailsServiceCalls.swift in Sources */ = {isa = PBXBuildFile; fileRef = B8ADC17D2AD29A67005905C7 /* CocktailsServiceCalls.swift */; };
		B8ADC1812AD29AAB005905C7 /* Models.swift in Sources */ = {isa = PBXBuildFile; fileRef = B8ADC1802AD29AAB005905C7 /* Models.swift */; };
		B8ADC1862AD29B1A005905C7 /* DrinkCategories.swift in Sources */ = {isa = PBXBuildFile; fileRef = B8ADC1852AD29B1A005905C7 /* DrinkCategories.swift */; };
		B8ADC1882AD29C00005905C7 /* SingleItemView.swift in Sources */ = {isa = PBXBuildFile; fileRef = B8ADC1872AD29BFF005905C7 /* SingleItemView.swift */; };
		B8ADC18A2AD29D30005905C7 /* Item.swift in Sources */ = {isa = PBXBuildFile; fileRef = B8ADC1892AD29D30005905C7 /* Item.swift */; };
		B8ADCC712AF117350092F466 /* NonAlcoholicDrinksViewModel.swift in Sources */ = {isa = PBXBuildFile; fileRef = B8ADCC702AF117350092F466 /* NonAlcoholicDrinksViewModel.swift */; };
		B8B77ED02B36BC780001B791 /* EmptyStateView.swift in Sources */ = {isa = PBXBuildFile; fileRef = B8B77ECF2B36BC780001B791 /* EmptyStateView.swift */; };
		B8B77ED22B36BF680001B791 /* ToastView.swift in Sources */ = {isa = PBXBuildFile; fileRef = B8B77ED12B36BF680001B791 /* ToastView.swift */; };
		B8B77ED62B43D4030001B791 /* RealmPersistence.swift in Sources */ = {isa = PBXBuildFile; fileRef = B8B77ED52B43D4030001B791 /* RealmPersistence.swift */; };
		B8DBD8862B81F04E00E32478 /* ItemViewable.swift in Sources */ = {isa = PBXBuildFile; fileRef = B8DBD8852B81F04E00E32478 /* ItemViewable.swift */; };
/* End PBXBuildFile section */

/* Begin PBXContainerItemProxy section */
		B8ADC1602AD29A35005905C7 /* PBXContainerItemProxy */ = {
			isa = PBXContainerItemProxy;
			containerPortal = B8ADC1472AD29A32005905C7 /* Project object */;
			proxyType = 1;
			remoteGlobalIDString = B8ADC14E2AD29A32005905C7;
			remoteInfo = Cocktails;
		};
		B8ADC16A2AD29A35005905C7 /* PBXContainerItemProxy */ = {
			isa = PBXContainerItemProxy;
			containerPortal = B8ADC1472AD29A32005905C7 /* Project object */;
			proxyType = 1;
			remoteGlobalIDString = B8ADC14E2AD29A32005905C7;
			remoteInfo = Cocktails;
		};
/* End PBXContainerItemProxy section */

/* Begin PBXFileReference section */
		B83669142B053F6700F9799B /* ItemListViewable.swift */ = {isa = PBXFileReference; lastKnownFileType = sourcecode.swift; path = ItemListViewable.swift; sourceTree = "<group>"; };
		B836691A2B05DE9F00F9799B /* SelectedItemViewModel.swift */ = {isa = PBXFileReference; lastKnownFileType = sourcecode.swift; path = SelectedItemViewModel.swift; sourceTree = "<group>"; };
		B83D81022AF4AA3400366D0D /* ItemListView.swift */ = {isa = PBXFileReference; lastKnownFileType = sourcecode.swift; path = ItemListView.swift; sourceTree = "<group>"; };
		B84098632AF2D7F500034859 /* SideBarDataProvider.swift */ = {isa = PBXFileReference; lastKnownFileType = sourcecode.swift; path = SideBarDataProvider.swift; sourceTree = "<group>"; };
		B84D6DDB2B82467B003A63CE /* DependencyInjectionContainer.swift */ = {isa = PBXFileReference; lastKnownFileType = sourcecode.swift; path = DependencyInjectionContainer.swift; sourceTree = "<group>"; };
		B85E75F52B3410F200FAADB2 /* FavoriteDrink.swift */ = {isa = PBXFileReference; lastKnownFileType = sourcecode.swift; path = FavoriteDrink.swift; sourceTree = "<group>"; };
		B85E75F72B3412DC00FAADB2 /* FavoriteDrinksViewModel.swift */ = {isa = PBXFileReference; lastKnownFileType = sourcecode.swift; path = FavoriteDrinksViewModel.swift; sourceTree = "<group>"; };
		B85E75F92B34166200FAADB2 /* FavoritesView.swift */ = {isa = PBXFileReference; lastKnownFileType = sourcecode.swift; path = FavoritesView.swift; sourceTree = "<group>"; };
		B8AA3F822ADEF83E003BA9E2 /* AlcoholicDrinksViewModel.swift */ = {isa = PBXFileReference; lastKnownFileType = sourcecode.swift; path = AlcoholicDrinksViewModel.swift; sourceTree = "<group>"; };
		B8ADC14F2AD29A32005905C7 /* Cocktails.app */ = {isa = PBXFileReference; explicitFileType = wrapper.application; includeInIndex = 0; path = Cocktails.app; sourceTree = BUILT_PRODUCTS_DIR; };
		B8ADC1522AD29A32005905C7 /* CocktailsApp.swift */ = {isa = PBXFileReference; lastKnownFileType = sourcecode.swift; path = CocktailsApp.swift; sourceTree = "<group>"; };
		B8ADC1542AD29A32005905C7 /* LandingView.swift */ = {isa = PBXFileReference; lastKnownFileType = sourcecode.swift; path = LandingView.swift; sourceTree = "<group>"; };
		B8ADC1562AD29A35005905C7 /* Assets.xcassets */ = {isa = PBXFileReference; lastKnownFileType = folder.assetcatalog; path = Assets.xcassets; sourceTree = "<group>"; };
		B8ADC1592AD29A35005905C7 /* Preview Assets.xcassets */ = {isa = PBXFileReference; lastKnownFileType = folder.assetcatalog; path = "Preview Assets.xcassets"; sourceTree = "<group>"; };
		B8ADC15F2AD29A35005905C7 /* CocktailsTests.xctest */ = {isa = PBXFileReference; explicitFileType = wrapper.cfbundle; includeInIndex = 0; path = CocktailsTests.xctest; sourceTree = BUILT_PRODUCTS_DIR; };
		B8ADC1632AD29A35005905C7 /* CocktailsTests.swift */ = {isa = PBXFileReference; lastKnownFileType = sourcecode.swift; path = CocktailsTests.swift; sourceTree = "<group>"; };
		B8ADC1692AD29A35005905C7 /* CocktailsUITests.xctest */ = {isa = PBXFileReference; explicitFileType = wrapper.cfbundle; includeInIndex = 0; path = CocktailsUITests.xctest; sourceTree = BUILT_PRODUCTS_DIR; };
		B8ADC16D2AD29A35005905C7 /* CocktailsUITests.swift */ = {isa = PBXFileReference; lastKnownFileType = sourcecode.swift; path = CocktailsUITests.swift; sourceTree = "<group>"; };
		B8ADC16F2AD29A35005905C7 /* CocktailsUITestsLaunchTests.swift */ = {isa = PBXFileReference; lastKnownFileType = sourcecode.swift; path = CocktailsUITestsLaunchTests.swift; sourceTree = "<group>"; };
		B8ADC17D2AD29A67005905C7 /* CocktailsServiceCalls.swift */ = {isa = PBXFileReference; lastKnownFileType = sourcecode.swift; path = CocktailsServiceCalls.swift; sourceTree = "<group>"; };
		B8ADC1802AD29AAB005905C7 /* Models.swift */ = {isa = PBXFileReference; lastKnownFileType = sourcecode.swift; path = Models.swift; sourceTree = "<group>"; };
		B8ADC1852AD29B1A005905C7 /* DrinkCategories.swift */ = {isa = PBXFileReference; lastKnownFileType = sourcecode.swift; path = DrinkCategories.swift; sourceTree = "<group>"; };
		B8ADC1872AD29BFF005905C7 /* SingleItemView.swift */ = {isa = PBXFileReference; lastKnownFileType = sourcecode.swift; path = SingleItemView.swift; sourceTree = "<group>"; };
		B8ADC1892AD29D30005905C7 /* Item.swift */ = {isa = PBXFileReference; lastKnownFileType = sourcecode.swift; path = Item.swift; sourceTree = "<group>"; };
		B8ADCC702AF117350092F466 /* NonAlcoholicDrinksViewModel.swift */ = {isa = PBXFileReference; lastKnownFileType = sourcecode.swift; path = NonAlcoholicDrinksViewModel.swift; sourceTree = "<group>"; };
		B8B77ECF2B36BC780001B791 /* EmptyStateView.swift */ = {isa = PBXFileReference; lastKnownFileType = sourcecode.swift; path = EmptyStateView.swift; sourceTree = "<group>"; };
		B8B77ED12B36BF680001B791 /* ToastView.swift */ = {isa = PBXFileReference; lastKnownFileType = sourcecode.swift; path = ToastView.swift; sourceTree = "<group>"; };
		B8B77ED52B43D4030001B791 /* RealmPersistence.swift */ = {isa = PBXFileReference; lastKnownFileType = sourcecode.swift; path = RealmPersistence.swift; sourceTree = "<group>"; };
		B8DBD8852B81F04E00E32478 /* ItemViewable.swift */ = {isa = PBXFileReference; lastKnownFileType = sourcecode.swift; path = ItemViewable.swift; sourceTree = "<group>"; };
/* End PBXFileReference section */

/* Begin PBXFrameworksBuildPhase section */
		B8ADC14C2AD29A32005905C7 /* Frameworks */ = {
			isa = PBXFrameworksBuildPhase;
			buildActionMask = 2147483647;
			files = (
				B84D6DE42B8317EF003A63CE /* InjectPropertyWrapper in Frameworks */,
				B84D6DD82B824014003A63CE /* Kingfisher in Frameworks */,
				B84D6DDF2B824AA7003A63CE /* Swinject in Frameworks */,
				B85E75F22B3410C600FAADB2 /* RealmSwift in Frameworks */,
				B84D6DE12B824AA7003A63CE /* Swinject-Dynamic in Frameworks */,
				B85E75F02B3410C600FAADB2 /* Realm in Frameworks */,
				B89260BF2AFAB05A00195272 /* SideBarComponent in Frameworks */,
			);
			runOnlyForDeploymentPostprocessing = 0;
		};
		B8ADC15C2AD29A35005905C7 /* Frameworks */ = {
			isa = PBXFrameworksBuildPhase;
			buildActionMask = 2147483647;
			files = (
			);
			runOnlyForDeploymentPostprocessing = 0;
		};
		B8ADC1662AD29A35005905C7 /* Frameworks */ = {
			isa = PBXFrameworksBuildPhase;
			buildActionMask = 2147483647;
			files = (
			);
			runOnlyForDeploymentPostprocessing = 0;
		};
/* End PBXFrameworksBuildPhase section */

/* Begin PBXGroup section */
		B83669132B053F4900F9799B /* ItemListView */ = {
			isa = PBXGroup;
			children = (
				B83D81022AF4AA3400366D0D /* ItemListView.swift */,
				B83669142B053F6700F9799B /* ItemListViewable.swift */,
			);
			path = ItemListView;
			sourceTree = "<group>";
		};
		B84098622AF2D7C200034859 /* DataProviders */ = {
			isa = PBXGroup;
			children = (
				B84098632AF2D7F500034859 /* SideBarDataProvider.swift */,
			);
			path = DataProviders;
			sourceTree = "<group>";
		};
		B84D6DDA2B824646003A63CE /* Dependency Injection */ = {
			isa = PBXGroup;
			children = (
				B84D6DDB2B82467B003A63CE /* DependencyInjectionContainer.swift */,
			);
			path = "Dependency Injection";
			sourceTree = "<group>";
		};
		B85E75F32B3410D900FAADB2 /* Persistence */ = {
			isa = PBXGroup;
			children = (
				B85E75F42B3410E300FAADB2 /* Models */,
				B8B77ED52B43D4030001B791 /* RealmPersistence.swift */,
			);
			path = Persistence;
			sourceTree = "<group>";
		};
		B85E75F42B3410E300FAADB2 /* Models */ = {
			isa = PBXGroup;
			children = (
				B85E75F52B3410F200FAADB2 /* FavoriteDrink.swift */,
			);
			path = Models;
			sourceTree = "<group>";
		};
		B8ADC1462AD29A32005905C7 = {
			isa = PBXGroup;
			children = (
				B8ADC1512AD29A32005905C7 /* Cocktails */,
				B8ADC1622AD29A35005905C7 /* CocktailsTests */,
				B8ADC16C2AD29A35005905C7 /* CocktailsUITests */,
				B8ADC1502AD29A32005905C7 /* Products */,
			);
			sourceTree = "<group>";
		};
		B8ADC1502AD29A32005905C7 /* Products */ = {
			isa = PBXGroup;
			children = (
				B8ADC14F2AD29A32005905C7 /* Cocktails.app */,
				B8ADC15F2AD29A35005905C7 /* CocktailsTests.xctest */,
				B8ADC1692AD29A35005905C7 /* CocktailsUITests.xctest */,
			);
			name = Products;
			sourceTree = "<group>";
		};
		B8ADC1512AD29A32005905C7 /* Cocktails */ = {
			isa = PBXGroup;
			children = (
				B8ADC1522AD29A32005905C7 /* CocktailsApp.swift */,
				B85E75F32B3410D900FAADB2 /* Persistence */,
				B84098622AF2D7C200034859 /* DataProviders */,
				B8ADC18B2AD2A43E005905C7 /* ViewModels */,
				B8ADC1842AD29B07005905C7 /* Enums */,
				B8ADC1822AD29AE3005905C7 /* Views */,
				B8ADC17C2AD29A44005905C7 /* Networking */,
				B8ADC1562AD29A35005905C7 /* Assets.xcassets */,
				B84D6DDA2B824646003A63CE /* Dependency Injection */,
				B8ADC1582AD29A35005905C7 /* Preview Content */,
			);
			path = Cocktails;
			sourceTree = "<group>";
		};
		B8ADC1582AD29A35005905C7 /* Preview Content */ = {
			isa = PBXGroup;
			children = (
				B8ADC1592AD29A35005905C7 /* Preview Assets.xcassets */,
			);
			path = "Preview Content";
			sourceTree = "<group>";
		};
		B8ADC1622AD29A35005905C7 /* CocktailsTests */ = {
			isa = PBXGroup;
			children = (
				B8ADC1632AD29A35005905C7 /* CocktailsTests.swift */,
			);
			path = CocktailsTests;
			sourceTree = "<group>";
		};
		B8ADC16C2AD29A35005905C7 /* CocktailsUITests */ = {
			isa = PBXGroup;
			children = (
				B8ADC16D2AD29A35005905C7 /* CocktailsUITests.swift */,
				B8ADC16F2AD29A35005905C7 /* CocktailsUITestsLaunchTests.swift */,
			);
			path = CocktailsUITests;
			sourceTree = "<group>";
		};
		B8ADC17C2AD29A44005905C7 /* Networking */ = {
			isa = PBXGroup;
			children = (
				B8ADC17F2AD29A98005905C7 /* Models */,
				B8ADC17D2AD29A67005905C7 /* CocktailsServiceCalls.swift */,
			);
			path = Networking;
			sourceTree = "<group>";
		};
		B8ADC17F2AD29A98005905C7 /* Models */ = {
			isa = PBXGroup;
			children = (
				B8ADC1802AD29AAB005905C7 /* Models.swift */,
			);
			path = Models;
			sourceTree = "<group>";
		};
		B8ADC1822AD29AE3005905C7 /* Views */ = {
			isa = PBXGroup;
			children = (
				B8ADC1542AD29A32005905C7 /* LandingView.swift */,
				B85E75F92B34166200FAADB2 /* FavoritesView.swift */,
				B8ADC1872AD29BFF005905C7 /* SingleItemView.swift */,
				B8B77ECF2B36BC780001B791 /* EmptyStateView.swift */,
				B8B77ED12B36BF680001B791 /* ToastView.swift */,
				B83669132B053F4900F9799B /* ItemListView */,
			);
			path = Views;
			sourceTree = "<group>";
		};
		B8ADC1842AD29B07005905C7 /* Enums */ = {
			isa = PBXGroup;
			children = (
				B8ADC1852AD29B1A005905C7 /* DrinkCategories.swift */,
				B8ADC1892AD29D30005905C7 /* Item.swift */,
				B8DBD8852B81F04E00E32478 /* ItemViewable.swift */,
			);
			path = Enums;
			sourceTree = "<group>";
		};
		B8ADC18B2AD2A43E005905C7 /* ViewModels */ = {
			isa = PBXGroup;
			children = (
				B8AA3F822ADEF83E003BA9E2 /* AlcoholicDrinksViewModel.swift */,
				B8ADCC702AF117350092F466 /* NonAlcoholicDrinksViewModel.swift */,
				B836691A2B05DE9F00F9799B /* SelectedItemViewModel.swift */,
				B85E75F72B3412DC00FAADB2 /* FavoriteDrinksViewModel.swift */,
			);
			path = ViewModels;
			sourceTree = "<group>";
		};
/* End PBXGroup section */

/* Begin PBXNativeTarget section */
		B8ADC14E2AD29A32005905C7 /* Cocktails */ = {
			isa = PBXNativeTarget;
			buildConfigurationList = B8ADC1732AD29A35005905C7 /* Build configuration list for PBXNativeTarget "Cocktails" */;
			buildPhases = (
				B8ADC14B2AD29A32005905C7 /* Sources */,
				B8ADC14C2AD29A32005905C7 /* Frameworks */,
				B8ADC14D2AD29A32005905C7 /* Resources */,
			);
			buildRules = (
			);
			dependencies = (
			);
			name = Cocktails;
			packageProductDependencies = (
				B89260BE2AFAB05A00195272 /* SideBarComponent */,
				B85E75EF2B3410C600FAADB2 /* Realm */,
				B85E75F12B3410C600FAADB2 /* RealmSwift */,
				B84D6DD72B824014003A63CE /* Kingfisher */,
				B84D6DDE2B824AA7003A63CE /* Swinject */,
				B84D6DE02B824AA7003A63CE /* Swinject-Dynamic */,
				B84D6DE32B8317EF003A63CE /* InjectPropertyWrapper */,
			);
			productName = Cocktails;
			productReference = B8ADC14F2AD29A32005905C7 /* Cocktails.app */;
			productType = "com.apple.product-type.application";
		};
		B8ADC15E2AD29A35005905C7 /* CocktailsTests */ = {
			isa = PBXNativeTarget;
			buildConfigurationList = B8ADC1762AD29A35005905C7 /* Build configuration list for PBXNativeTarget "CocktailsTests" */;
			buildPhases = (
				B8ADC15B2AD29A35005905C7 /* Sources */,
				B8ADC15C2AD29A35005905C7 /* Frameworks */,
				B8ADC15D2AD29A35005905C7 /* Resources */,
			);
			buildRules = (
			);
			dependencies = (
				B8ADC1612AD29A35005905C7 /* PBXTargetDependency */,
			);
			name = CocktailsTests;
			productName = CocktailsTests;
			productReference = B8ADC15F2AD29A35005905C7 /* CocktailsTests.xctest */;
			productType = "com.apple.product-type.bundle.unit-test";
		};
		B8ADC1682AD29A35005905C7 /* CocktailsUITests */ = {
			isa = PBXNativeTarget;
			buildConfigurationList = B8ADC1792AD29A35005905C7 /* Build configuration list for PBXNativeTarget "CocktailsUITests" */;
			buildPhases = (
				B8ADC1652AD29A35005905C7 /* Sources */,
				B8ADC1662AD29A35005905C7 /* Frameworks */,
				B8ADC1672AD29A35005905C7 /* Resources */,
			);
			buildRules = (
			);
			dependencies = (
				B8ADC16B2AD29A35005905C7 /* PBXTargetDependency */,
			);
			name = CocktailsUITests;
			productName = CocktailsUITests;
			productReference = B8ADC1692AD29A35005905C7 /* CocktailsUITests.xctest */;
			productType = "com.apple.product-type.bundle.ui-testing";
		};
/* End PBXNativeTarget section */

/* Begin PBXProject section */
		B8ADC1472AD29A32005905C7 /* Project object */ = {
			isa = PBXProject;
			attributes = {
				BuildIndependentTargetsInParallel = 1;
				LastSwiftUpdateCheck = 1430;
				LastUpgradeCheck = 1430;
				TargetAttributes = {
					B8ADC14E2AD29A32005905C7 = {
						CreatedOnToolsVersion = 14.3;
					};
					B8ADC15E2AD29A35005905C7 = {
						CreatedOnToolsVersion = 14.3;
						TestTargetID = B8ADC14E2AD29A32005905C7;
					};
					B8ADC1682AD29A35005905C7 = {
						CreatedOnToolsVersion = 14.3;
						TestTargetID = B8ADC14E2AD29A32005905C7;
					};
				};
			};
			buildConfigurationList = B8ADC14A2AD29A32005905C7 /* Build configuration list for PBXProject "Cocktails" */;
			compatibilityVersion = "Xcode 14.0";
			developmentRegion = en;
			hasScannedForEncodings = 0;
			knownRegions = (
				en,
				Base,
			);
			mainGroup = B8ADC1462AD29A32005905C7;
			packageReferences = (
				B89260BD2AFAB05A00195272 /* XCRemoteSwiftPackageReference "SideBarComponent" */,
				B85E75EE2B3410C600FAADB2 /* XCRemoteSwiftPackageReference "realm-swift" */,
				B84D6DD62B824014003A63CE /* XCRemoteSwiftPackageReference "Kingfisher" */,
				B84D6DDD2B824AA7003A63CE /* XCRemoteSwiftPackageReference "Swinject" */,
				B84D6DE22B8317EF003A63CE /* XCRemoteSwiftPackageReference "InjectPropertyWrapper" */,
			);
			productRefGroup = B8ADC1502AD29A32005905C7 /* Products */;
			projectDirPath = "";
			projectRoot = "";
			targets = (
				B8ADC14E2AD29A32005905C7 /* Cocktails */,
				B8ADC15E2AD29A35005905C7 /* CocktailsTests */,
				B8ADC1682AD29A35005905C7 /* CocktailsUITests */,
			);
		};
/* End PBXProject section */

/* Begin PBXResourcesBuildPhase section */
		B8ADC14D2AD29A32005905C7 /* Resources */ = {
			isa = PBXResourcesBuildPhase;
			buildActionMask = 2147483647;
			files = (
				B8ADC15A2AD29A35005905C7 /* Preview Assets.xcassets in Resources */,
				B8ADC1572AD29A35005905C7 /* Assets.xcassets in Resources */,
			);
			runOnlyForDeploymentPostprocessing = 0;
		};
		B8ADC15D2AD29A35005905C7 /* Resources */ = {
			isa = PBXResourcesBuildPhase;
			buildActionMask = 2147483647;
			files = (
			);
			runOnlyForDeploymentPostprocessing = 0;
		};
		B8ADC1672AD29A35005905C7 /* Resources */ = {
			isa = PBXResourcesBuildPhase;
			buildActionMask = 2147483647;
			files = (
			);
			runOnlyForDeploymentPostprocessing = 0;
		};
/* End PBXResourcesBuildPhase section */

/* Begin PBXSourcesBuildPhase section */
		B8ADC14B2AD29A32005905C7 /* Sources */ = {
			isa = PBXSourcesBuildPhase;
			buildActionMask = 2147483647;
			files = (
				B8B77ED02B36BC780001B791 /* EmptyStateView.swift in Sources */,
				B8ADC1552AD29A32005905C7 /* LandingView.swift in Sources */,
				B83669152B053F6700F9799B /* ItemListViewable.swift in Sources */,
				B8ADC1532AD29A32005905C7 /* CocktailsApp.swift in Sources */,
				B8ADC17E2AD29A67005905C7 /* CocktailsServiceCalls.swift in Sources */,
				B8ADC1882AD29C00005905C7 /* SingleItemView.swift in Sources */,
				B84098642AF2D7F500034859 /* SideBarDataProvider.swift in Sources */,
				B8AA3F832ADEF83E003BA9E2 /* AlcoholicDrinksViewModel.swift in Sources */,
				B8B77ED22B36BF680001B791 /* ToastView.swift in Sources */,
				B8ADCC712AF117350092F466 /* NonAlcoholicDrinksViewModel.swift in Sources */,
				B85E75F62B3410F200FAADB2 /* FavoriteDrink.swift in Sources */,
				B83D81032AF4AA3400366D0D /* ItemListView.swift in Sources */,
				B8ADC1812AD29AAB005905C7 /* Models.swift in Sources */,
				B8ADC18A2AD29D30005905C7 /* Item.swift in Sources */,
				B8B77ED62B43D4030001B791 /* RealmPersistence.swift in Sources */,
				B8DBD8862B81F04E00E32478 /* ItemViewable.swift in Sources */,
				B85E75FA2B34166200FAADB2 /* FavoritesView.swift in Sources */,
				B8ADC1862AD29B1A005905C7 /* DrinkCategories.swift in Sources */,
				B84D6DDC2B82467B003A63CE /* DependencyInjectionContainer.swift in Sources */,
				B836691B2B05DE9F00F9799B /* SelectedItemViewModel.swift in Sources */,
				B85E75F82B3412DC00FAADB2 /* FavoriteDrinksViewModel.swift in Sources */,
			);
			runOnlyForDeploymentPostprocessing = 0;
		};
		B8ADC15B2AD29A35005905C7 /* Sources */ = {
			isa = PBXSourcesBuildPhase;
			buildActionMask = 2147483647;
			files = (
				B8ADC1642AD29A35005905C7 /* CocktailsTests.swift in Sources */,
			);
			runOnlyForDeploymentPostprocessing = 0;
		};
		B8ADC1652AD29A35005905C7 /* Sources */ = {
			isa = PBXSourcesBuildPhase;
			buildActionMask = 2147483647;
			files = (
				B8ADC1702AD29A35005905C7 /* CocktailsUITestsLaunchTests.swift in Sources */,
				B8ADC16E2AD29A35005905C7 /* CocktailsUITests.swift in Sources */,
			);
			runOnlyForDeploymentPostprocessing = 0;
		};
/* End PBXSourcesBuildPhase section */

/* Begin PBXTargetDependency section */
		B8ADC1612AD29A35005905C7 /* PBXTargetDependency */ = {
			isa = PBXTargetDependency;
			target = B8ADC14E2AD29A32005905C7 /* Cocktails */;
			targetProxy = B8ADC1602AD29A35005905C7 /* PBXContainerItemProxy */;
		};
		B8ADC16B2AD29A35005905C7 /* PBXTargetDependency */ = {
			isa = PBXTargetDependency;
			target = B8ADC14E2AD29A32005905C7 /* Cocktails */;
			targetProxy = B8ADC16A2AD29A35005905C7 /* PBXContainerItemProxy */;
		};
/* End PBXTargetDependency section */

/* Begin XCBuildConfiguration section */
		B8ADC1712AD29A35005905C7 /* Debug */ = {
			isa = XCBuildConfiguration;
			buildSettings = {
				ALWAYS_SEARCH_USER_PATHS = NO;
				CLANG_ANALYZER_NONNULL = YES;
				CLANG_ANALYZER_NUMBER_OBJECT_CONVERSION = YES_AGGRESSIVE;
				CLANG_CXX_LANGUAGE_STANDARD = "gnu++20";
				CLANG_ENABLE_MODULES = YES;
				CLANG_ENABLE_OBJC_ARC = YES;
				CLANG_ENABLE_OBJC_WEAK = YES;
				CLANG_WARN_BLOCK_CAPTURE_AUTORELEASING = YES;
				CLANG_WARN_BOOL_CONVERSION = YES;
				CLANG_WARN_COMMA = YES;
				CLANG_WARN_CONSTANT_CONVERSION = YES;
				CLANG_WARN_DEPRECATED_OBJC_IMPLEMENTATIONS = YES;
				CLANG_WARN_DIRECT_OBJC_ISA_USAGE = YES_ERROR;
				CLANG_WARN_DOCUMENTATION_COMMENTS = YES;
				CLANG_WARN_EMPTY_BODY = YES;
				CLANG_WARN_ENUM_CONVERSION = YES;
				CLANG_WARN_INFINITE_RECURSION = YES;
				CLANG_WARN_INT_CONVERSION = YES;
				CLANG_WARN_NON_LITERAL_NULL_CONVERSION = YES;
				CLANG_WARN_OBJC_IMPLICIT_RETAIN_SELF = YES;
				CLANG_WARN_OBJC_LITERAL_CONVERSION = YES;
				CLANG_WARN_OBJC_ROOT_CLASS = YES_ERROR;
				CLANG_WARN_QUOTED_INCLUDE_IN_FRAMEWORK_HEADER = YES;
				CLANG_WARN_RANGE_LOOP_ANALYSIS = YES;
				CLANG_WARN_STRICT_PROTOTYPES = YES;
				CLANG_WARN_SUSPICIOUS_MOVE = YES;
				CLANG_WARN_UNGUARDED_AVAILABILITY = YES_AGGRESSIVE;
				CLANG_WARN_UNREACHABLE_CODE = YES;
				CLANG_WARN__DUPLICATE_METHOD_MATCH = YES;
				COPY_PHASE_STRIP = NO;
				DEBUG_INFORMATION_FORMAT = dwarf;
				ENABLE_STRICT_OBJC_MSGSEND = YES;
				ENABLE_TESTABILITY = YES;
				GCC_C_LANGUAGE_STANDARD = gnu11;
				GCC_DYNAMIC_NO_PIC = NO;
				GCC_NO_COMMON_BLOCKS = YES;
				GCC_OPTIMIZATION_LEVEL = 0;
				GCC_PREPROCESSOR_DEFINITIONS = (
					"DEBUG=1",
					"$(inherited)",
				);
				GCC_WARN_64_TO_32_BIT_CONVERSION = YES;
				GCC_WARN_ABOUT_RETURN_TYPE = YES_ERROR;
				GCC_WARN_UNDECLARED_SELECTOR = YES;
				GCC_WARN_UNINITIALIZED_AUTOS = YES_AGGRESSIVE;
				GCC_WARN_UNUSED_FUNCTION = YES;
				GCC_WARN_UNUSED_VARIABLE = YES;
				IPHONEOS_DEPLOYMENT_TARGET = 16.0;
				MTL_ENABLE_DEBUG_INFO = INCLUDE_SOURCE;
				MTL_FAST_MATH = YES;
				ONLY_ACTIVE_ARCH = YES;
				SDKROOT = iphoneos;
				SWIFT_ACTIVE_COMPILATION_CONDITIONS = DEBUG;
				SWIFT_OPTIMIZATION_LEVEL = "-Onone";
			};
			name = Debug;
		};
		B8ADC1722AD29A35005905C7 /* Release */ = {
			isa = XCBuildConfiguration;
			buildSettings = {
				ALWAYS_SEARCH_USER_PATHS = NO;
				CLANG_ANALYZER_NONNULL = YES;
				CLANG_ANALYZER_NUMBER_OBJECT_CONVERSION = YES_AGGRESSIVE;
				CLANG_CXX_LANGUAGE_STANDARD = "gnu++20";
				CLANG_ENABLE_MODULES = YES;
				CLANG_ENABLE_OBJC_ARC = YES;
				CLANG_ENABLE_OBJC_WEAK = YES;
				CLANG_WARN_BLOCK_CAPTURE_AUTORELEASING = YES;
				CLANG_WARN_BOOL_CONVERSION = YES;
				CLANG_WARN_COMMA = YES;
				CLANG_WARN_CONSTANT_CONVERSION = YES;
				CLANG_WARN_DEPRECATED_OBJC_IMPLEMENTATIONS = YES;
				CLANG_WARN_DIRECT_OBJC_ISA_USAGE = YES_ERROR;
				CLANG_WARN_DOCUMENTATION_COMMENTS = YES;
				CLANG_WARN_EMPTY_BODY = YES;
				CLANG_WARN_ENUM_CONVERSION = YES;
				CLANG_WARN_INFINITE_RECURSION = YES;
				CLANG_WARN_INT_CONVERSION = YES;
				CLANG_WARN_NON_LITERAL_NULL_CONVERSION = YES;
				CLANG_WARN_OBJC_IMPLICIT_RETAIN_SELF = YES;
				CLANG_WARN_OBJC_LITERAL_CONVERSION = YES;
				CLANG_WARN_OBJC_ROOT_CLASS = YES_ERROR;
				CLANG_WARN_QUOTED_INCLUDE_IN_FRAMEWORK_HEADER = YES;
				CLANG_WARN_RANGE_LOOP_ANALYSIS = YES;
				CLANG_WARN_STRICT_PROTOTYPES = YES;
				CLANG_WARN_SUSPICIOUS_MOVE = YES;
				CLANG_WARN_UNGUARDED_AVAILABILITY = YES_AGGRESSIVE;
				CLANG_WARN_UNREACHABLE_CODE = YES;
				CLANG_WARN__DUPLICATE_METHOD_MATCH = YES;
				COPY_PHASE_STRIP = NO;
				DEBUG_INFORMATION_FORMAT = "dwarf-with-dsym";
				ENABLE_NS_ASSERTIONS = NO;
				ENABLE_STRICT_OBJC_MSGSEND = YES;
				GCC_C_LANGUAGE_STANDARD = gnu11;
				GCC_NO_COMMON_BLOCKS = YES;
				GCC_WARN_64_TO_32_BIT_CONVERSION = YES;
				GCC_WARN_ABOUT_RETURN_TYPE = YES_ERROR;
				GCC_WARN_UNDECLARED_SELECTOR = YES;
				GCC_WARN_UNINITIALIZED_AUTOS = YES_AGGRESSIVE;
				GCC_WARN_UNUSED_FUNCTION = YES;
				GCC_WARN_UNUSED_VARIABLE = YES;
				IPHONEOS_DEPLOYMENT_TARGET = 16.0;
				MTL_ENABLE_DEBUG_INFO = NO;
				MTL_FAST_MATH = YES;
				SDKROOT = iphoneos;
				SWIFT_COMPILATION_MODE = wholemodule;
				SWIFT_OPTIMIZATION_LEVEL = "-O";
				VALIDATE_PRODUCT = YES;
			};
			name = Release;
		};
		B8ADC1742AD29A35005905C7 /* Debug */ = {
			isa = XCBuildConfiguration;
			buildSettings = {
				ASSETCATALOG_COMPILER_APPICON_NAME = AppIcon;
				ASSETCATALOG_COMPILER_GLOBAL_ACCENT_COLOR_NAME = AccentColor;
				CODE_SIGN_STYLE = Automatic;
				CURRENT_PROJECT_VERSION = 1;
				DEVELOPMENT_ASSET_PATHS = "\"Cocktails/Preview Content\"";
				DEVELOPMENT_TEAM = JJD4AR8XMP;
				ENABLE_PREVIEWS = YES;
				GENERATE_INFOPLIST_FILE = YES;
				INFOPLIST_KEY_UIApplicationSceneManifest_Generation = YES;
				INFOPLIST_KEY_UIApplicationSupportsIndirectInputEvents = YES;
				INFOPLIST_KEY_UILaunchScreen_Generation = YES;
				INFOPLIST_KEY_UISupportedInterfaceOrientations_iPad = "UIInterfaceOrientationPortrait UIInterfaceOrientationPortraitUpsideDown UIInterfaceOrientationLandscapeLeft UIInterfaceOrientationLandscapeRight";
				INFOPLIST_KEY_UISupportedInterfaceOrientations_iPhone = "UIInterfaceOrientationPortrait UIInterfaceOrientationLandscapeLeft UIInterfaceOrientationLandscapeRight";
				LD_RUNPATH_SEARCH_PATHS = (
					"$(inherited)",
					"@executable_path/Frameworks",
				);
				MARKETING_VERSION = 1.0;
				PRODUCT_BUNDLE_IDENTIFIER = com.sthembisondhlazi.Cocktails;
				PRODUCT_NAME = "$(TARGET_NAME)";
				SWIFT_EMIT_LOC_STRINGS = YES;
				SWIFT_VERSION = 5.0;
				TARGETED_DEVICE_FAMILY = "1,2";
			};
			name = Debug;
		};
		B8ADC1752AD29A35005905C7 /* Release */ = {
			isa = XCBuildConfiguration;
			buildSettings = {
				ASSETCATALOG_COMPILER_APPICON_NAME = AppIcon;
				ASSETCATALOG_COMPILER_GLOBAL_ACCENT_COLOR_NAME = AccentColor;
				CODE_SIGN_STYLE = Automatic;
				CURRENT_PROJECT_VERSION = 1;
				DEVELOPMENT_ASSET_PATHS = "\"Cocktails/Preview Content\"";
				DEVELOPMENT_TEAM = JJD4AR8XMP;
				ENABLE_PREVIEWS = YES;
				GENERATE_INFOPLIST_FILE = YES;
				INFOPLIST_KEY_UIApplicationSceneManifest_Generation = YES;
				INFOPLIST_KEY_UIApplicationSupportsIndirectInputEvents = YES;
				INFOPLIST_KEY_UILaunchScreen_Generation = YES;
				INFOPLIST_KEY_UISupportedInterfaceOrientations_iPad = "UIInterfaceOrientationPortrait UIInterfaceOrientationPortraitUpsideDown UIInterfaceOrientationLandscapeLeft UIInterfaceOrientationLandscapeRight";
				INFOPLIST_KEY_UISupportedInterfaceOrientations_iPhone = "UIInterfaceOrientationPortrait UIInterfaceOrientationLandscapeLeft UIInterfaceOrientationLandscapeRight";
				LD_RUNPATH_SEARCH_PATHS = (
					"$(inherited)",
					"@executable_path/Frameworks",
				);
				MARKETING_VERSION = 1.0;
				PRODUCT_BUNDLE_IDENTIFIER = com.sthembisondhlazi.Cocktails;
				PRODUCT_NAME = "$(TARGET_NAME)";
				SWIFT_EMIT_LOC_STRINGS = YES;
				SWIFT_VERSION = 5.0;
				TARGETED_DEVICE_FAMILY = "1,2";
			};
			name = Release;
		};
		B8ADC1772AD29A35005905C7 /* Debug */ = {
			isa = XCBuildConfiguration;
			buildSettings = {
				ALWAYS_EMBED_SWIFT_STANDARD_LIBRARIES = YES;
				BUNDLE_LOADER = "$(TEST_HOST)";
				CODE_SIGN_STYLE = Automatic;
				CURRENT_PROJECT_VERSION = 1;
				DEVELOPMENT_TEAM = JJD4AR8XMP;
				GENERATE_INFOPLIST_FILE = YES;
				IPHONEOS_DEPLOYMENT_TARGET = 16.4;
				MARKETING_VERSION = 1.0;
				PRODUCT_BUNDLE_IDENTIFIER = com.sthembisondhlazi.CocktailsTests;
				PRODUCT_NAME = "$(TARGET_NAME)";
				SWIFT_EMIT_LOC_STRINGS = NO;
				SWIFT_VERSION = 5.0;
				TARGETED_DEVICE_FAMILY = "1,2";
				TEST_HOST = "$(BUILT_PRODUCTS_DIR)/Cocktails.app/$(BUNDLE_EXECUTABLE_FOLDER_PATH)/Cocktails";
			};
			name = Debug;
		};
		B8ADC1782AD29A35005905C7 /* Release */ = {
			isa = XCBuildConfiguration;
			buildSettings = {
				ALWAYS_EMBED_SWIFT_STANDARD_LIBRARIES = YES;
				BUNDLE_LOADER = "$(TEST_HOST)";
				CODE_SIGN_STYLE = Automatic;
				CURRENT_PROJECT_VERSION = 1;
				DEVELOPMENT_TEAM = JJD4AR8XMP;
				GENERATE_INFOPLIST_FILE = YES;
				IPHONEOS_DEPLOYMENT_TARGET = 16.4;
				MARKETING_VERSION = 1.0;
				PRODUCT_BUNDLE_IDENTIFIER = com.sthembisondhlazi.CocktailsTests;
				PRODUCT_NAME = "$(TARGET_NAME)";
				SWIFT_EMIT_LOC_STRINGS = NO;
				SWIFT_VERSION = 5.0;
				TARGETED_DEVICE_FAMILY = "1,2";
				TEST_HOST = "$(BUILT_PRODUCTS_DIR)/Cocktails.app/$(BUNDLE_EXECUTABLE_FOLDER_PATH)/Cocktails";
			};
			name = Release;
		};
		B8ADC17A2AD29A35005905C7 /* Debug */ = {
			isa = XCBuildConfiguration;
			buildSettings = {
				ALWAYS_EMBED_SWIFT_STANDARD_LIBRARIES = YES;
				CODE_SIGN_STYLE = Automatic;
				CURRENT_PROJECT_VERSION = 1;
				DEVELOPMENT_TEAM = JJD4AR8XMP;
				GENERATE_INFOPLIST_FILE = YES;
				MARKETING_VERSION = 1.0;
				PRODUCT_BUNDLE_IDENTIFIER = com.sthembisondhlazi.CocktailsUITests;
				PRODUCT_NAME = "$(TARGET_NAME)";
				SWIFT_EMIT_LOC_STRINGS = NO;
				SWIFT_VERSION = 5.0;
				TARGETED_DEVICE_FAMILY = "1,2";
				TEST_TARGET_NAME = Cocktails;
			};
			name = Debug;
		};
		B8ADC17B2AD29A35005905C7 /* Release */ = {
			isa = XCBuildConfiguration;
			buildSettings = {
				ALWAYS_EMBED_SWIFT_STANDARD_LIBRARIES = YES;
				CODE_SIGN_STYLE = Automatic;
				CURRENT_PROJECT_VERSION = 1;
				DEVELOPMENT_TEAM = JJD4AR8XMP;
				GENERATE_INFOPLIST_FILE = YES;
				MARKETING_VERSION = 1.0;
				PRODUCT_BUNDLE_IDENTIFIER = com.sthembisondhlazi.CocktailsUITests;
				PRODUCT_NAME = "$(TARGET_NAME)";
				SWIFT_EMIT_LOC_STRINGS = NO;
				SWIFT_VERSION = 5.0;
				TARGETED_DEVICE_FAMILY = "1,2";
				TEST_TARGET_NAME = Cocktails;
			};
			name = Release;
		};
/* End XCBuildConfiguration section */

/* Begin XCConfigurationList section */
		B8ADC14A2AD29A32005905C7 /* Build configuration list for PBXProject "Cocktails" */ = {
			isa = XCConfigurationList;
			buildConfigurations = (
				B8ADC1712AD29A35005905C7 /* Debug */,
				B8ADC1722AD29A35005905C7 /* Release */,
			);
			defaultConfigurationIsVisible = 0;
			defaultConfigurationName = Release;
		};
		B8ADC1732AD29A35005905C7 /* Build configuration list for PBXNativeTarget "Cocktails" */ = {
			isa = XCConfigurationList;
			buildConfigurations = (
				B8ADC1742AD29A35005905C7 /* Debug */,
				B8ADC1752AD29A35005905C7 /* Release */,
			);
			defaultConfigurationIsVisible = 0;
			defaultConfigurationName = Release;
		};
		B8ADC1762AD29A35005905C7 /* Build configuration list for PBXNativeTarget "CocktailsTests" */ = {
			isa = XCConfigurationList;
			buildConfigurations = (
				B8ADC1772AD29A35005905C7 /* Debug */,
				B8ADC1782AD29A35005905C7 /* Release */,
			);
			defaultConfigurationIsVisible = 0;
			defaultConfigurationName = Release;
		};
		B8ADC1792AD29A35005905C7 /* Build configuration list for PBXNativeTarget "CocktailsUITests" */ = {
			isa = XCConfigurationList;
			buildConfigurations = (
				B8ADC17A2AD29A35005905C7 /* Debug */,
				B8ADC17B2AD29A35005905C7 /* Release */,
			);
			defaultConfigurationIsVisible = 0;
			defaultConfigurationName = Release;
		};
/* End XCConfigurationList section */

/* Begin XCRemoteSwiftPackageReference section */
		B84D6DD62B824014003A63CE /* XCRemoteSwiftPackageReference "Kingfisher" */ = {
			isa = XCRemoteSwiftPackageReference;
			repositoryURL = "https://github.com/onevcat/Kingfisher.git";
			requirement = {
				kind = upToNextMajorVersion;
				minimumVersion = 7.11.0;
			};
		};
		B84D6DDD2B824AA7003A63CE /* XCRemoteSwiftPackageReference "Swinject" */ = {
			isa = XCRemoteSwiftPackageReference;
			repositoryURL = "https://github.com/Swinject/Swinject.git";
			requirement = {
				kind = upToNextMajorVersion;
				minimumVersion = 2.8.4;
			};
		};
		B84D6DE22B8317EF003A63CE /* XCRemoteSwiftPackageReference "InjectPropertyWrapper" */ = {
			isa = XCRemoteSwiftPackageReference;
			repositoryURL = "https://github.com/egeniq/InjectPropertyWrapper";
			requirement = {
				kind = upToNextMajorVersion;
				minimumVersion = 0.3.0;
			};
		};
		B85E75EE2B3410C600FAADB2 /* XCRemoteSwiftPackageReference "realm-swift" */ = {
			isa = XCRemoteSwiftPackageReference;
			repositoryURL = "https://github.com/realm/realm-swift.git";
			requirement = {
				branch = master;
				kind = branch;
			};
		};
		B89260BD2AFAB05A00195272 /* XCRemoteSwiftPackageReference "SideBarComponent" */ = {
			isa = XCRemoteSwiftPackageReference;
			repositoryURL = "https://github.com/SthembisoNdhlazi/SideBarComponent";
			requirement = {
				kind = upToNextMajorVersion;
				minimumVersion = 1.0.0;
			};
		};
/* End XCRemoteSwiftPackageReference section */

/* Begin XCSwiftPackageProductDependency section */
		B84D6DD72B824014003A63CE /* Kingfisher */ = {
			isa = XCSwiftPackageProductDependency;
			package = B84D6DD62B824014003A63CE /* XCRemoteSwiftPackageReference "Kingfisher" */;
			productName = Kingfisher;
		};
		B84D6DDE2B824AA7003A63CE /* Swinject */ = {
			isa = XCSwiftPackageProductDependency;
			package = B84D6DDD2B824AA7003A63CE /* XCRemoteSwiftPackageReference "Swinject" */;
			productName = Swinject;
		};
		B84D6DE02B824AA7003A63CE /* Swinject-Dynamic */ = {
			isa = XCSwiftPackageProductDependency;
			package = B84D6DDD2B824AA7003A63CE /* XCRemoteSwiftPackageReference "Swinject" */;
			productName = "Swinject-Dynamic";
		};
		B84D6DE32B8317EF003A63CE /* InjectPropertyWrapper */ = {
			isa = XCSwiftPackageProductDependency;
			package = B84D6DE22B8317EF003A63CE /* XCRemoteSwiftPackageReference "InjectPropertyWrapper" */;
			productName = InjectPropertyWrapper;
		};
		B85E75EF2B3410C600FAADB2 /* Realm */ = {
			isa = XCSwiftPackageProductDependency;
			package = B85E75EE2B3410C600FAADB2 /* XCRemoteSwiftPackageReference "realm-swift" */;
			productName = Realm;
		};
		B85E75F12B3410C600FAADB2 /* RealmSwift */ = {
			isa = XCSwiftPackageProductDependency;
			package = B85E75EE2B3410C600FAADB2 /* XCRemoteSwiftPackageReference "realm-swift" */;
			productName = RealmSwift;
		};
		B89260BE2AFAB05A00195272 /* SideBarComponent */ = {
			isa = XCSwiftPackageProductDependency;
			package = B89260BD2AFAB05A00195272 /* XCRemoteSwiftPackageReference "SideBarComponent" */;
			productName = SideBarComponent;
		};
/* End XCSwiftPackageProductDependency section */
	};
	rootObject = B8ADC1472AD29A32005905C7 /* Project object */;
}
