{
  "pins" : [
    {
      "identity" : "sidebarcomponent",
      "kind" : "remoteSourceControl",
      "location" : "https://github.com/SthembisoNdhlazi/SideBarComponent",
      "state" : {
        "revision" : "60e57d962d1d5b6156a18d115b807cedc51551da",
        "version" : "1.0.2"
      }
    }
  ],
  "version" : 2
}
