{
  "pins" : [
    {
      "identity" : "sidebarcomponent",
      "kind" : "remoteSourceControl",
      "location" : "https://github.com/SthembisoNdhlazi/SideBarComponent",
      "state" : {
        "revision" : "63fd2c6f972154b34468e1bbfa72524d749af27e",
        "version" : "1.0.1"
      }
    }
  ],
  "version" : 2
}
