{
  "pins" : [
    {
      "identity" : "realm-core",
      "kind" : "remoteSourceControl",
      "location" : "https://github.com/realm/realm-core.git",
      "state" : {
        "revision" : "a5e87a39cffdcc591f3203c11cfca68100d0b9a6",
        "version" : "13.26.0"
      }
    },
    {
      "identity" : "realm-swift",
      "kind" : "remoteSourceControl",
      "location" : "https://github.com/realm/realm-swift.git",
      "state" : {
        "branch" : "master",
        "revision" : "68530d31ef0c92883847c3bf4f57f59204aec22d"
      }
    },
    {
      "identity" : "sidebarcomponent",
      "kind" : "remoteSourceControl",
      "location" : "https://github.com/SthembisoNdhlazi/SideBarComponent",
      "state" : {
        "revision" : "c20c848cc0356f8e95d78d9f5e3636a25d4fe22c",
        "version" : "1.0.3"
      }
    }
  ],
  "version" : 2
}
